
Microsoft Visual Studio Solution File, Format Version 12.00
# Visual Studio 15
VisualStudioVersion = 15.0.28307.902
MinimumVisualStudioVersion = 10.0.40219.1
Project("{FAE04EC0-301F-11D3-BF4B-00C04F79EFBC}") = "XamlSamples.Android", "XamlSamples\XamlSamples.Android\XamlSamples.Android.csproj", "{2AAFDAAB-608F-4F0F-8B22-B9E99BF697C3}"
EndProject
Project("{FAE04EC0-301F-11D3-BF4B-00C04F79EFBC}") = "XamlSamples", "XamlSamples\XamlSamples\XamlSamples.csproj", "{EFED229F-5B78-4D6E-98A8-F5DD358C2073}"
EndProject
Global
	GlobalSection(SolutionConfigurationPlatforms) = preSolution
		Debug|Any CPU = Debug|Any CPU
		Release|Any CPU = Release|Any CPU
	EndGlobalSection
	GlobalSection(ProjectConfigurationPlatforms) = postSolution
		{2AAFDAAB-608F-4F0F-8B22-B9E99BF697C3}.Debug|Any CPU.ActiveCfg = Debug|Any CPU
		{2AAFDAAB-608F-4F0F-8B22-B9E99BF697C3}.Debug|Any CPU.Build.0 = Debug|Any CPU
		{2AAFDAAB-608F-4F0F-8B22-B9E99BF697C3}.Debug|Any CPU.Deploy.0 = Debug|Any CPU
		{2AAFDAAB-608F-4F0F-8B22-B9E99BF697C3}.Release|Any CPU.ActiveCfg = Release|Any CPU
		{2AAFDAAB-608F-4F0F-8B22-B9E99BF697C3}.Release|Any CPU.Build.0 = Release|Any CPU
		{2AAFDAAB-608F-4F0F-8B22-B9E99BF697C3}.Release|Any CPU.Deploy.0 = Release|Any CPU
		{EFED229F-5B78-4D6E-98A8-F5DD358C2073}.Debug|Any CPU.ActiveCfg = Debug|Any CPU
		{EFED229F-5B78-4D6E-98A8-F5DD358C2073}.Debug|Any CPU.Build.0 = Debug|Any CPU
		{EFED229F-5B78-4D6E-98A8-F5DD358C2073}.Release|Any CPU.ActiveCfg = Release|Any CPU
		{EFED229F-5B78-4D6E-98A8-F5DD358C2073}.Release|Any CPU.Build.0 = Release|Any CPU
	EndGlobalSection
	GlobalSection(SolutionProperties) = preSolution
		HideSolutionNode = FALSE
	EndGlobalSection
	GlobalSection(ExtensibilityGlobals) = postSolution
		SolutionGuid = {E153C70E-A6B4-4321-A35A-AFF2F00CDCB9}
	EndGlobalSection
EndGlobal
