
Microsoft Visual Studio Solution File, Format Version 12.00
# Visual Studio 15
VisualStudioVersion = 15.0.28307.902
MinimumVisualStudioVersion = 10.0.40219.1
Project("{FAE04EC0-301F-11D3-BF4B-00C04F79EFBC}") = "KCSEntities", "KCSEntities\KCSEntities.csproj", "{0E8DDAC3-2037-4F42-81CB-1936B5CACB7C}"
EndProject
Project("{FAE04EC0-301F-11D3-BF4B-00C04F79EFBC}") = "HONKCSUI", "HONKCSUI\HONKCSUI.csproj", "{0EF4C4AB-5357-4F78-8292-D375E672AA9A}"
EndProject
Global
	GlobalSection(SolutionConfigurationPlatforms) = preSolution
		Debug|Any CPU = Debug|Any CPU
		Release|Any CPU = Release|Any CPU
	EndGlobalSection
	GlobalSection(ProjectConfigurationPlatforms) = postSolution
		{0E8DDAC3-2037-4F42-81CB-1936B5CACB7C}.Debug|Any CPU.ActiveCfg = Debug|Any CPU
		{0E8DDAC3-2037-4F42-81CB-1936B5CACB7C}.Debug|Any CPU.Build.0 = Debug|Any CPU
		{0E8DDAC3-2037-4F42-81CB-1936B5CACB7C}.Release|Any CPU.ActiveCfg = Release|Any CPU
		{0E8DDAC3-2037-4F42-81CB-1936B5CACB7C}.Release|Any CPU.Build.0 = Release|Any CPU
		{0EF4C4AB-5357-4F78-8292-D375E672AA9A}.Debug|Any CPU.ActiveCfg = Debug|Any CPU
		{0EF4C4AB-5357-4F78-8292-D375E672AA9A}.Debug|Any CPU.Build.0 = Debug|Any CPU
		{0EF4C4AB-5357-4F78-8292-D375E672AA9A}.Release|Any CPU.ActiveCfg = Release|Any CPU
		{0EF4C4AB-5357-4F78-8292-D375E672AA9A}.Release|Any CPU.Build.0 = Release|Any CPU
	EndGlobalSection
	GlobalSection(SolutionProperties) = preSolution
		HideSolutionNode = FALSE
	EndGlobalSection
	GlobalSection(ExtensibilityGlobals) = postSolution
		SolutionGuid = {E503089C-D557-4459-AC52-B45EF8E5D375}
	EndGlobalSection
EndGlobal
